// !$*UTF8*$!
{
	archiveVersion = 1;
	classes = {
	};
	objectVersion = 46;
	objects = {

/* Begin PBXBuildFile section */
		E59D152217D4CB3700782F8B /* Cocoa.framework in Frameworks */ = {isa = PBXBuildFile; fileRef = E59D152117D4CB3700782F8B /* Cocoa.framework */; };
		E59D152C17D4CB3700782F8B /* InfoPlist.strings in Resources */ = {isa = PBXBuildFile; fileRef = E59D152A17D4CB3700782F8B /* InfoPlist.strings */; };
		E59D152E17D4CB3700782F8B /* main.m in Sources */ = {isa = PBXBuildFile; fileRef = E59D152D17D4CB3700782F8B /* main.m */; };
		E59D153217D4CB3700782F8B /* Credits.rtf in Resources */ = {isa = PBXBuildFile; fileRef = E59D153017D4CB3700782F8B /* Credits.rtf */; };
		E59D153517D4CB3700782F8B /* AppDelegate.m in Sources */ = {isa = PBXBuildFile; fileRef = E59D153417D4CB3700782F8B /* AppDelegate.m */; };
		E59D153817D4CB3700782F8B /* MainMenu.xib in Resources */ = {isa = PBXBuildFile; fileRef = E59D153617D4CB3700782F8B /* MainMenu.xib */; };
		E59D154017D4CB3700782F8B /* SenTestingKit.framework in Frameworks */ = {isa = PBXBuildFile; fileRef = E59D153F17D4CB3700782F8B /* SenTestingKit.framework */; };
		E59D154117D4CB3700782F8B /* Cocoa.framework in Frameworks */ = {isa = PBXBuildFile; fileRef = E59D152117D4CB3700782F8B /* Cocoa.framework */; };
		E59D154917D4CB3700782F8B /* InfoPlist.strings in Resources */ = {isa = PBXBuildFile; fileRef = E59D154717D4CB3700782F8B /* InfoPlist.strings */; };
		E59D154C17D4CB3700782F8B /* SQLite_ManagerTests.m in Sources */ = {isa = PBXBuildFile; fileRef = E59D154B17D4CB3700782F8B /* SQLite_ManagerTests.m */; };
		E59D161D17D4CE3100782F8B /* aboutform.cpp in Sources */ = {isa = PBXBuildFile; fileRef = E59D15D417D4CE3100782F8B /* aboutform.cpp */; };
		E59D161E17D4CE3100782F8B /* addfieldform.cpp in Sources */ = {isa = PBXBuildFile; fileRef = E59D15D617D4CE3100782F8B /* addfieldform.cpp */; };
		E59D161F17D4CE3100782F8B /* addfieldtypeform.cpp in Sources */ = {isa = PBXBuildFile; fileRef = E59D15D817D4CE3100782F8B /* addfieldtypeform.cpp */; };
		E59D162017D4CE3100782F8B /* app.plist in Resources */ = {isa = PBXBuildFile; fileRef = E59D15DA17D4CE3100782F8B /* app.plist */; };
		E59D162117D4CE3100782F8B /* browsermain.cpp in Sources */ = {isa = PBXBuildFile; fileRef = E59D15DB17D4CE3100782F8B /* browsermain.cpp */; };
		E59D162217D4CE3100782F8B /* building in Resources */ = {isa = PBXBuildFile; fileRef = E59D15DC17D4CE3100782F8B /* building */; };
		E59D162317D4CE3100782F8B /* choosetableform.cpp in Sources */ = {isa = PBXBuildFile; fileRef = E59D15DD17D4CE3100782F8B /* choosetableform.cpp */; };
		E59D162417D4CE3100782F8B /* createindexform.cpp in Sources */ = {isa = PBXBuildFile; fileRef = E59D15DF17D4CE3100782F8B /* createindexform.cpp */; };
		E59D162517D4CE3100782F8B /* createtableform.cpp in Sources */ = {isa = PBXBuildFile; fileRef = E59D15E117D4CE3100782F8B /* createtableform.cpp */; };
		E59D162617D4CE3100782F8B /* deleteindexform.cpp in Sources */ = {isa = PBXBuildFile; fileRef = E59D15E317D4CE3100782F8B /* deleteindexform.cpp */; };
		E59D162717D4CE3100782F8B /* deletetableform.cpp in Sources */ = {isa = PBXBuildFile; fileRef = E59D15E517D4CE3100782F8B /* deletetableform.cpp */; };
		E59D162817D4CE3100782F8B /* editfieldform.cpp in Sources */ = {isa = PBXBuildFile; fileRef = E59D15E717D4CE3100782F8B /* editfieldform.cpp */; };
		E59D162917D4CE3100782F8B /* editform.cpp in Sources */ = {isa = PBXBuildFile; fileRef = E59D15E917D4CE3100782F8B /* editform.cpp */; };
		E59D162A17D4CE3100782F8B /* editformwindow.cpp in Sources */ = {isa = PBXBuildFile; fileRef = E59D15EB17D4CE3100782F8B /* editformwindow.cpp */; };
		E59D162B17D4CE3100782F8B /* edittableform.cpp in Sources */ = {isa = PBXBuildFile; fileRef = E59D15ED17D4CE3100782F8B /* edittableform.cpp */; };
		E59D162C17D4CE3100782F8B /* exporttablecsvform.cpp in Sources */ = {isa = PBXBuildFile; fileRef = E59D15EF17D4CE3100782F8B /* exporttablecsvform.cpp */; };
		E59D162D17D4CE3100782F8B /* extendedmainform.cpp in Sources */ = {isa = PBXBuildFile; fileRef = E59D15F117D4CE3100782F8B /* extendedmainform.cpp */; };
		E59D162E17D4CE3100782F8B /* findform.cpp in Sources */ = {isa = PBXBuildFile; fileRef = E59D15F317D4CE3100782F8B /* findform.cpp */; };
		E59D162F17D4CE3100782F8B /* form1.cpp in Sources */ = {isa = PBXBuildFile; fileRef = E59D15F517D4CE3100782F8B /* form1.cpp */; };
		E59D163017D4CE3100782F8B /* iconwin.ico in Resources */ = {isa = PBXBuildFile; fileRef = E59D15F717D4CE3100782F8B /* iconwin.ico */; };
		E59D163117D4CE3100782F8B /* 128.png in Resources */ = {isa = PBXBuildFile; fileRef = E59D15F917D4CE3100782F8B /* 128.png */; };
		E59D163217D4CE3100782F8B /* create_index.png in Resources */ = {isa = PBXBuildFile; fileRef = E59D15FA17D4CE3100782F8B /* create_index.png */; };
		E59D163317D4CE3100782F8B /* create_table.png in Resources */ = {isa = PBXBuildFile; fileRef = E59D15FB17D4CE3100782F8B /* create_table.png */; };
		E59D163417D4CE3100782F8B /* delete_index.png in Resources */ = {isa = PBXBuildFile; fileRef = E59D15FC17D4CE3100782F8B /* delete_index.png */; };
		E59D163517D4CE3100782F8B /* delete_table.png in Resources */ = {isa = PBXBuildFile; fileRef = E59D15FD17D4CE3100782F8B /* delete_table.png */; };
		E59D163617D4CE3100782F8B /* icone16.png in Resources */ = {isa = PBXBuildFile; fileRef = E59D15FE17D4CE3100782F8B /* icone16.png */; };
		E59D163717D4CE3100782F8B /* log.png in Resources */ = {isa = PBXBuildFile; fileRef = E59D15FF17D4CE3100782F8B /* log.png */; };
		E59D163817D4CE3100782F8B /* modify_table.png in Resources */ = {isa = PBXBuildFile; fileRef = E59D160017D4CE3100782F8B /* modify_table.png */; };
		E59D163917D4CE3100782F8B /* new.png in Resources */ = {isa = PBXBuildFile; fileRef = E59D160117D4CE3100782F8B /* new.png */; };
		E59D163A17D4CE3100782F8B /* open.png in Resources */ = {isa = PBXBuildFile; fileRef = E59D160217D4CE3100782F8B /* open.png */; };
		E59D163B17D4CE3100782F8B /* revert.png in Resources */ = {isa = PBXBuildFile; fileRef = E59D160317D4CE3100782F8B /* revert.png */; };
		E59D163C17D4CE3100782F8B /* save.png in Resources */ = {isa = PBXBuildFile; fileRef = E59D160417D4CE3100782F8B /* save.png */; };
		E59D163D17D4CE3100782F8B /* searchfind.png in Resources */ = {isa = PBXBuildFile; fileRef = E59D160517D4CE3100782F8B /* searchfind.png */; };
		E59D163E17D4CE3100782F8B /* whatis.png in Resources */ = {isa = PBXBuildFile; fileRef = E59D160617D4CE3100782F8B /* whatis.png */; };
		E59D163F17D4CE3100782F8B /* importcsvform.cpp in Sources */ = {isa = PBXBuildFile; fileRef = E59D160717D4CE3100782F8B /* importcsvform.cpp */; };
		E59D164017D4CE3100782F8B /* LICENSING in Resources */ = {isa = PBXBuildFile; fileRef = E59D160917D4CE3100782F8B /* LICENSING */; };
		E59D164117D4CE3100782F8B /* macapp.icns in Resources */ = {isa = PBXBuildFile; fileRef = E59D160A17D4CE3100782F8B /* macapp.icns */; };
		E59D164217D4CE3100782F8B /* Makefile in Sources */ = {isa = PBXBuildFile; fileRef = E59D160B17D4CE3100782F8B /* Makefile */; };
		E59D164317D4CE3100782F8B /* preferencesform.cpp in Sources */ = {isa = PBXBuildFile; fileRef = E59D160C17D4CE3100782F8B /* preferencesform.cpp */; };
		E59D164417D4CE3100782F8B /* renametableform.cpp in Sources */ = {isa = PBXBuildFile; fileRef = E59D160E17D4CE3100782F8B /* renametableform.cpp */; };
		E59D164517D4CE3100782F8B /* sqlbrowser_util.c in Sources */ = {isa = PBXBuildFile; fileRef = E59D161017D4CE3100782F8B /* sqlbrowser_util.c */; };
		E59D164617D4CE3100782F8B /* sqlite3.c in Sources */ = {isa = PBXBuildFile; fileRef = E59D161317D4CE3100782F8B /* sqlite3.c */; };
		E59D164717D4CE3100782F8B /* sqlitebrowser.pro in Resources */ = {isa = PBXBuildFile; fileRef = E59D161617D4CE3100782F8B /* sqlitebrowser.pro */; };
		E59D164817D4CE3100782F8B /* sqlitedb.cpp in Sources */ = {isa = PBXBuildFile; fileRef = E59D161817D4CE3100782F8B /* sqlitedb.cpp */; };
		E59D164917D4CE3100782F8B /* sqllogform.cpp in Sources */ = {isa = PBXBuildFile; fileRef = E59D161A17D4CE3100782F8B /* sqllogform.cpp */; };
		E59D164A17D4CE3100782F8B /* winapp.rc in Resources */ = {isa = PBXBuildFile; fileRef = E59D161C17D4CE3100782F8B /* winapp.rc */; };
/* End PBXBuildFile section */

/* Begin PBXContainerItemProxy section */
		E59D154217D4CB3700782F8B /* PBXContainerItemProxy */ = {
			isa = PBXContainerItemProxy;
			containerPortal = E59D151617D4CB3600782F8B /* Project object */;
			proxyType = 1;
			remoteGlobalIDString = E59D151D17D4CB3700782F8B;
			remoteInfo = "SQLite Manager";
		};
/* End PBXContainerItemProxy section */

/* Begin PBXFileReference section */
		E59D151E17D4CB3700782F8B /* SQLite Manager.app */ = {isa = PBXFileReference; explicitFileType = wrapper.application; includeInIndex = 0; path = "SQLite Manager.app"; sourceTree = BUILT_PRODUCTS_DIR; };
		E59D152117D4CB3700782F8B /* Cocoa.framework */ = {isa = PBXFileReference; lastKnownFileType = wrapper.framework; name = Cocoa.framework; path = System/Library/Frameworks/Cocoa.framework; sourceTree = SDKROOT; };
		E59D152417D4CB3700782F8B /* AppKit.framework */ = {isa = PBXFileReference; lastKnownFileType = wrapper.framework; name = AppKit.framework; path = System/Library/Frameworks/AppKit.framework; sourceTree = SDKROOT; };
		E59D152517D4CB3700782F8B /* CoreData.framework */ = {isa = PBXFileReference; lastKnownFileType = wrapper.framework; name = CoreData.framework; path = System/Library/Frameworks/CoreData.framework; sourceTree = SDKROOT; };
		E59D152617D4CB3700782F8B /* Foundation.framework */ = {isa = PBXFileReference; lastKnownFileType = wrapper.framework; name = Foundation.framework; path = System/Library/Frameworks/Foundation.framework; sourceTree = SDKROOT; };
		E59D152917D4CB3700782F8B /* SQLite Manager-Info.plist */ = {isa = PBXFileReference; lastKnownFileType = text.plist.xml; path = "SQLite Manager-Info.plist"; sourceTree = "<group>"; };
		E59D152B17D4CB3700782F8B /* en */ = {isa = PBXFileReference; lastKnownFileType = text.plist.strings; name = en; path = en.lproj/InfoPlist.strings; sourceTree = "<group>"; };
		E59D152D17D4CB3700782F8B /* main.m */ = {isa = PBXFileReference; lastKnownFileType = sourcecode.c.objc; path = main.m; sourceTree = "<group>"; };
		E59D152F17D4CB3700782F8B /* SQLite Manager-Prefix.pch */ = {isa = PBXFileReference; lastKnownFileType = sourcecode.c.h; path = "SQLite Manager-Prefix.pch"; sourceTree = "<group>"; };
		E59D153117D4CB3700782F8B /* en */ = {isa = PBXFileReference; lastKnownFileType = text.rtf; name = en; path = en.lproj/Credits.rtf; sourceTree = "<group>"; };
		E59D153317D4CB3700782F8B /* AppDelegate.h */ = {isa = PBXFileReference; lastKnownFileType = sourcecode.c.h; path = AppDelegate.h; sourceTree = "<group>"; };
		E59D153417D4CB3700782F8B /* AppDelegate.m */ = {isa = PBXFileReference; lastKnownFileType = sourcecode.c.objc; path = AppDelegate.m; sourceTree = "<group>"; };
		E59D153717D4CB3700782F8B /* en */ = {isa = PBXFileReference; lastKnownFileType = file.xib; name = en; path = en.lproj/MainMenu.xib; sourceTree = "<group>"; };
		E59D153E17D4CB3700782F8B /* SQLite ManagerTests.octest */ = {isa = PBXFileReference; explicitFileType = wrapper.cfbundle; includeInIndex = 0; path = "SQLite ManagerTests.octest"; sourceTree = BUILT_PRODUCTS_DIR; };
		E59D153F17D4CB3700782F8B /* SenTestingKit.framework */ = {isa = PBXFileReference; lastKnownFileType = wrapper.framework; name = SenTestingKit.framework; path = Library/Frameworks/SenTestingKit.framework; sourceTree = DEVELOPER_DIR; };
		E59D154617D4CB3700782F8B /* SQLite ManagerTests-Info.plist */ = {isa = PBXFileReference; lastKnownFileType = text.plist.xml; path = "SQLite ManagerTests-Info.plist"; sourceTree = "<group>"; };
		E59D154817D4CB3700782F8B /* en */ = {isa = PBXFileReference; lastKnownFileType = text.plist.strings; name = en; path = en.lproj/InfoPlist.strings; sourceTree = "<group>"; };
		E59D154A17D4CB3700782F8B /* SQLite_ManagerTests.h */ = {isa = PBXFileReference; lastKnownFileType = sourcecode.c.h; path = SQLite_ManagerTests.h; sourceTree = "<group>"; };
		E59D154B17D4CB3700782F8B /* SQLite_ManagerTests.m */ = {isa = PBXFileReference; lastKnownFileType = sourcecode.c.objc; path = SQLite_ManagerTests.m; sourceTree = "<group>"; };
		E59D15D417D4CE3100782F8B /* aboutform.cpp */ = {isa = PBXFileReference; fileEncoding = 4; lastKnownFileType = sourcecode.cpp.cpp; path = aboutform.cpp; sourceTree = "<group>"; };
		E59D15D517D4CE3100782F8B /* aboutform.h */ = {isa = PBXFileReference; fileEncoding = 4; lastKnownFileType = sourcecode.c.h; path = aboutform.h; sourceTree = "<group>"; };
		E59D15D617D4CE3100782F8B /* addfieldform.cpp */ = {isa = PBXFileReference; fileEncoding = 4; lastKnownFileType = sourcecode.cpp.cpp; path = addfieldform.cpp; sourceTree = "<group>"; };
		E59D15D717D4CE3100782F8B /* addfieldform.h */ = {isa = PBXFileReference; fileEncoding = 4; lastKnownFileType = sourcecode.c.h; path = addfieldform.h; sourceTree = "<group>"; };
		E59D15D817D4CE3100782F8B /* addfieldtypeform.cpp */ = {isa = PBXFileReference; fileEncoding = 4; lastKnownFileType = sourcecode.cpp.cpp; path = addfieldtypeform.cpp; sourceTree = "<group>"; };
		E59D15D917D4CE3100782F8B /* addfieldtypeform.h */ = {isa = PBXFileReference; fileEncoding = 4; lastKnownFileType = sourcecode.c.h; path = addfieldtypeform.h; sourceTree = "<group>"; };
		E59D15DA17D4CE3100782F8B /* app.plist */ = {isa = PBXFileReference; fileEncoding = 4; lastKnownFileType = text.plist.xml; path = app.plist; sourceTree = "<group>"; };
		E59D15DB17D4CE3100782F8B /* browsermain.cpp */ = {isa = PBXFileReference; fileEncoding = 4; lastKnownFileType = sourcecode.cpp.cpp; path = browsermain.cpp; sourceTree = "<group>"; };
		E59D15DC17D4CE3100782F8B /* building */ = {isa = PBXFileReference; fileEncoding = 4; lastKnownFileType = text; path = building; sourceTree = "<group>"; };
		E59D15DD17D4CE3100782F8B /* choosetableform.cpp */ = {isa = PBXFileReference; fileEncoding = 4; lastKnownFileType = sourcecode.cpp.cpp; path = choosetableform.cpp; sourceTree = "<group>"; };
		E59D15DE17D4CE3100782F8B /* choosetableform.h */ = {isa = PBXFileReference; fileEncoding = 4; lastKnownFileType = sourcecode.c.h; path = choosetableform.h; sourceTree = "<group>"; };
		E59D15DF17D4CE3100782F8B /* createindexform.cpp */ = {isa = PBXFileReference; fileEncoding = 4; lastKnownFileType = sourcecode.cpp.cpp; path = createindexform.cpp; sourceTree = "<group>"; };
		E59D15E017D4CE3100782F8B /* createindexform.h */ = {isa = PBXFileReference; fileEncoding = 4; lastKnownFileType = sourcecode.c.h; path = createindexform.h; sourceTree = "<group>"; };
		E59D15E117D4CE3100782F8B /* createtableform.cpp */ = {isa = PBXFileReference; fileEncoding = 4; lastKnownFileType = sourcecode.cpp.cpp; path = createtableform.cpp; sourceTree = "<group>"; };
		E59D15E217D4CE3100782F8B /* createtableform.h */ = {isa = PBXFileReference; fileEncoding = 4; lastKnownFileType = sourcecode.c.h; path = createtableform.h; sourceTree = "<group>"; };
		E59D15E317D4CE3100782F8B /* deleteindexform.cpp */ = {isa = PBXFileReference; fileEncoding = 4; lastKnownFileType = sourcecode.cpp.cpp; path = deleteindexform.cpp; sourceTree = "<group>"; };
		E59D15E417D4CE3100782F8B /* deleteindexform.h */ = {isa = PBXFileReference; fileEncoding = 4; lastKnownFileType = sourcecode.c.h; path = deleteindexform.h; sourceTree = "<group>"; };
		E59D15E517D4CE3100782F8B /* deletetableform.cpp */ = {isa = PBXFileReference; fileEncoding = 4; lastKnownFileType = sourcecode.cpp.cpp; path = deletetableform.cpp; sourceTree = "<group>"; };
		E59D15E617D4CE3100782F8B /* deletetableform.h */ = {isa = PBXFileReference; fileEncoding = 4; lastKnownFileType = sourcecode.c.h; path = deletetableform.h; sourceTree = "<group>"; };
		E59D15E717D4CE3100782F8B /* editfieldform.cpp */ = {isa = PBXFileReference; fileEncoding = 4; lastKnownFileType = sourcecode.cpp.cpp; path = editfieldform.cpp; sourceTree = "<group>"; };
		E59D15E817D4CE3100782F8B /* editfieldform.h */ = {isa = PBXFileReference; fileEncoding = 4; lastKnownFileType = sourcecode.c.h; path = editfieldform.h; sourceTree = "<group>"; };
		E59D15E917D4CE3100782F8B /* editform.cpp */ = {isa = PBXFileReference; fileEncoding = 4; lastKnownFileType = sourcecode.cpp.cpp; path = editform.cpp; sourceTree = "<group>"; };
		E59D15EA17D4CE3100782F8B /* editform.h */ = {isa = PBXFileReference; fileEncoding = 4; lastKnownFileType = sourcecode.c.h; path = editform.h; sourceTree = "<group>"; };
		E59D15EB17D4CE3100782F8B /* editformwindow.cpp */ = {isa = PBXFileReference; fileEncoding = 4; lastKnownFileType = sourcecode.cpp.cpp; path = editformwindow.cpp; sourceTree = "<group>"; };
		E59D15EC17D4CE3100782F8B /* editformwindow.h */ = {isa = PBXFileReference; fileEncoding = 4; lastKnownFileType = sourcecode.c.h; path = editformwindow.h; sourceTree = "<group>"; };
		E59D15ED17D4CE3100782F8B /* edittableform.cpp */ = {isa = PBXFileReference; fileEncoding = 4; lastKnownFileType = sourcecode.cpp.cpp; path = edittableform.cpp; sourceTree = "<group>"; };
		E59D15EE17D4CE3100782F8B /* edittableform.h */ = {isa = PBXFileReference; fileEncoding = 4; lastKnownFileType = sourcecode.c.h; path = edittableform.h; sourceTree = "<group>"; };
		E59D15EF17D4CE3100782F8B /* exporttablecsvform.cpp */ = {isa = PBXFileReference; fileEncoding = 4; lastKnownFileType = sourcecode.cpp.cpp; path = exporttablecsvform.cpp; sourceTree = "<group>"; };
		E59D15F017D4CE3100782F8B /* exporttablecsvform.h */ = {isa = PBXFileReference; fileEncoding = 4; lastKnownFileType = sourcecode.c.h; path = exporttablecsvform.h; sourceTree = "<group>"; };
		E59D15F117D4CE3100782F8B /* extendedmainform.cpp */ = {isa = PBXFileReference; fileEncoding = 4; lastKnownFileType = sourcecode.cpp.cpp; path = extendedmainform.cpp; sourceTree = "<group>"; };
		E59D15F217D4CE3100782F8B /* extendedmainform.h */ = {isa = PBXFileReference; fileEncoding = 4; lastKnownFileType = sourcecode.c.h; path = extendedmainform.h; sourceTree = "<group>"; };
		E59D15F317D4CE3100782F8B /* findform.cpp */ = {isa = PBXFileReference; fileEncoding = 4; lastKnownFileType = sourcecode.cpp.cpp; path = findform.cpp; sourceTree = "<group>"; };
		E59D15F417D4CE3100782F8B /* findform.h */ = {isa = PBXFileReference; fileEncoding = 4; lastKnownFileType = sourcecode.c.h; path = findform.h; sourceTree = "<group>"; };
		E59D15F517D4CE3100782F8B /* form1.cpp */ = {isa = PBXFileReference; fileEncoding = 4; lastKnownFileType = sourcecode.cpp.cpp; path = form1.cpp; sourceTree = "<group>"; };
		E59D15F617D4CE3100782F8B /* form1.h */ = {isa = PBXFileReference; fileEncoding = 4; lastKnownFileType = sourcecode.c.h; path = form1.h; sourceTree = "<group>"; };
		E59D15F717D4CE3100782F8B /* iconwin.ico */ = {isa = PBXFileReference; lastKnownFileType = image.ico; path = iconwin.ico; sourceTree = "<group>"; };
		E59D15F917D4CE3100782F8B /* 128.png */ = {isa = PBXFileReference; lastKnownFileType = image.png; path = 128.png; sourceTree = "<group>"; };
		E59D15FA17D4CE3100782F8B /* create_index.png */ = {isa = PBXFileReference; lastKnownFileType = image.png; path = create_index.png; sourceTree = "<group>"; };
		E59D15FB17D4CE3100782F8B /* create_table.png */ = {isa = PBXFileReference; lastKnownFileType = image.png; path = create_table.png; sourceTree = "<group>"; };
		E59D15FC17D4CE3100782F8B /* delete_index.png */ = {isa = PBXFileReference; lastKnownFileType = image.png; path = delete_index.png; sourceTree = "<group>"; };
		E59D15FD17D4CE3100782F8B /* delete_table.png */ = {isa = PBXFileReference; lastKnownFileType = image.png; path = delete_table.png; sourceTree = "<group>"; };
		E59D15FE17D4CE3100782F8B /* icone16.png */ = {isa = PBXFileReference; lastKnownFileType = image.png; path = icone16.png; sourceTree = "<group>"; };
		E59D15FF17D4CE3100782F8B /* log.png */ = {isa = PBXFileReference; lastKnownFileType = image.png; path = log.png; sourceTree = "<group>"; };
		E59D160017D4CE3100782F8B /* modify_table.png */ = {isa = PBXFileReference; lastKnownFileType = image.png; path = modify_table.png; sourceTree = "<group>"; };
		E59D160117D4CE3100782F8B /* new.png */ = {isa = PBXFileReference; lastKnownFileType = image.png; path = new.png; sourceTree = "<group>"; };
		E59D160217D4CE3100782F8B /* open.png */ = {isa = PBXFileReference; lastKnownFileType = image.png; path = open.png; sourceTree = "<group>"; };
		E59D160317D4CE3100782F8B /* revert.png */ = {isa = PBXFileReference; lastKnownFileType = image.png; path = revert.png; sourceTree = "<group>"; };
		E59D160417D4CE3100782F8B /* save.png */ = {isa = PBXFileReference; lastKnownFileType = image.png; path = save.png; sourceTree = "<group>"; };
		E59D160517D4CE3100782F8B /* searchfind.png */ = {isa = PBXFileReference; lastKnownFileType = image.png; path = searchfind.png; sourceTree = "<group>"; };
		E59D160617D4CE3100782F8B /* whatis.png */ = {isa = PBXFileReference; lastKnownFileType = image.png; path = whatis.png; sourceTree = "<group>"; };
		E59D160717D4CE3100782F8B /* importcsvform.cpp */ = {isa = PBXFileReference; fileEncoding = 4; lastKnownFileType = sourcecode.cpp.cpp; path = importcsvform.cpp; sourceTree = "<group>"; };
		E59D160817D4CE3100782F8B /* importcsvform.h */ = {isa = PBXFileReference; fileEncoding = 4; lastKnownFileType = sourcecode.c.h; path = importcsvform.h; sourceTree = "<group>"; };
		E59D160917D4CE3100782F8B /* LICENSING */ = {isa = PBXFileReference; fileEncoding = 4; lastKnownFileType = text; path = LICENSING; sourceTree = "<group>"; };
		E59D160A17D4CE3100782F8B /* macapp.icns */ = {isa = PBXFileReference; lastKnownFileType = image.icns; path = macapp.icns; sourceTree = "<group>"; };
		E59D160B17D4CE3100782F8B /* Makefile */ = {isa = PBXFileReference; fileEncoding = 4; lastKnownFileType = sourcecode.make; path = Makefile; sourceTree = "<group>"; };
		E59D160C17D4CE3100782F8B /* preferencesform.cpp */ = {isa = PBXFileReference; fileEncoding = 4; lastKnownFileType = sourcecode.cpp.cpp; path = preferencesform.cpp; sourceTree = "<group>"; };
		E59D160D17D4CE3100782F8B /* preferencesform.h */ = {isa = PBXFileReference; fileEncoding = 4; lastKnownFileType = sourcecode.c.h; path = preferencesform.h; sourceTree = "<group>"; };
		E59D160E17D4CE3100782F8B /* renametableform.cpp */ = {isa = PBXFileReference; fileEncoding = 4; lastKnownFileType = sourcecode.cpp.cpp; path = renametableform.cpp; sourceTree = "<group>"; };
		E59D160F17D4CE3100782F8B /* renametableform.h */ = {isa = PBXFileReference; fileEncoding = 4; lastKnownFileType = sourcecode.c.h; path = renametableform.h; sourceTree = "<group>"; };
		E59D161017D4CE3100782F8B /* sqlbrowser_util.c */ = {isa = PBXFileReference; fileEncoding = 4; lastKnownFileType = sourcecode.c.c; path = sqlbrowser_util.c; sourceTree = "<group>"; };
		E59D161117D4CE3100782F8B /* sqlbrowser_util.h */ = {isa = PBXFileReference; fileEncoding = 4; lastKnownFileType = sourcecode.c.h; path = sqlbrowser_util.h; sourceTree = "<group>"; };
		E59D161317D4CE3100782F8B /* sqlite3.c */ = {isa = PBXFileReference; fileEncoding = 4; lastKnownFileType = sourcecode.c.c; path = sqlite3.c; sourceTree = "<group>"; };
		E59D161417D4CE3100782F8B /* sqlite3.h */ = {isa = PBXFileReference; fileEncoding = 4; lastKnownFileType = sourcecode.c.h; path = sqlite3.h; sourceTree = "<group>"; };
		E59D161517D4CE3100782F8B /* sqlite3ext.h */ = {isa = PBXFileReference; fileEncoding = 4; lastKnownFileType = sourcecode.c.h; path = sqlite3ext.h; sourceTree = "<group>"; };
		E59D161617D4CE3100782F8B /* sqlitebrowser.pro */ = {isa = PBXFileReference; fileEncoding = 4; lastKnownFileType = text; path = sqlitebrowser.pro; sourceTree = "<group>"; };
		E59D161717D4CE3100782F8B /* sqlitebrowsertypes.h */ = {isa = PBXFileReference; fileEncoding = 4; lastKnownFileType = sourcecode.c.h; path = sqlitebrowsertypes.h; sourceTree = "<group>"; };
		E59D161817D4CE3100782F8B /* sqlitedb.cpp */ = {isa = PBXFileReference; fileEncoding = 4; lastKnownFileType = sourcecode.cpp.cpp; path = sqlitedb.cpp; sourceTree = "<group>"; };
		E59D161917D4CE3100782F8B /* sqlitedb.h */ = {isa = PBXFileReference; fileEncoding = 4; lastKnownFileType = sourcecode.c.h; path = sqlitedb.h; sourceTree = "<group>"; };
		E59D161A17D4CE3100782F8B /* sqllogform.cpp */ = {isa = PBXFileReference; fileEncoding = 4; lastKnownFileType = sourcecode.cpp.cpp; path = sqllogform.cpp; sourceTree = "<group>"; };
		E59D161B17D4CE3100782F8B /* sqllogform.h */ = {isa = PBXFileReference; fileEncoding = 4; lastKnownFileType = sourcecode.c.h; path = sqllogform.h; sourceTree = "<group>"; };
		E59D161C17D4CE3100782F8B /* winapp.rc */ = {isa = PBXFileReference; fileEncoding = 4; lastKnownFileType = text; path = winapp.rc; sourceTree = "<group>"; };
/* End PBXFileReference section */

/* Begin PBXFrameworksBuildPhase section */
		E59D151B17D4CB3700782F8B /* Frameworks */ = {
			isa = PBXFrameworksBuildPhase;
			buildActionMask = 2147483647;
			files = (
				E59D152217D4CB3700782F8B /* Cocoa.framework in Frameworks */,
			);
			runOnlyForDeploymentPostprocessing = 0;
		};
		E59D153A17D4CB3700782F8B /* Frameworks */ = {
			isa = PBXFrameworksBuildPhase;
			buildActionMask = 2147483647;
			files = (
				E59D154017D4CB3700782F8B /* SenTestingKit.framework in Frameworks */,
				E59D154117D4CB3700782F8B /* Cocoa.framework in Frameworks */,
			);
			runOnlyForDeploymentPostprocessing = 0;
		};
/* End PBXFrameworksBuildPhase section */

/* Begin PBXGroup section */
		E59D151517D4CB3600782F8B = {
			isa = PBXGroup;
			children = (
				E59D15D017D4CE3100782F8B /* sqlitebrowser */,
				E59D152717D4CB3700782F8B /* SQLite Manager */,
				E59D154417D4CB3700782F8B /* SQLite ManagerTests */,
				E59D152017D4CB3700782F8B /* Frameworks */,
				E59D151F17D4CB3700782F8B /* Products */,
			);
			sourceTree = "<group>";
		};
		E59D151F17D4CB3700782F8B /* Products */ = {
			isa = PBXGroup;
			children = (
				E59D151E17D4CB3700782F8B /* SQLite Manager.app */,
				E59D153E17D4CB3700782F8B /* SQLite ManagerTests.octest */,
			);
			name = Products;
			sourceTree = "<group>";
		};
		E59D152017D4CB3700782F8B /* Frameworks */ = {
			isa = PBXGroup;
			children = (
				E59D152117D4CB3700782F8B /* Cocoa.framework */,
				E59D153F17D4CB3700782F8B /* SenTestingKit.framework */,
				E59D152317D4CB3700782F8B /* Other Frameworks */,
			);
			name = Frameworks;
			sourceTree = "<group>";
		};
		E59D152317D4CB3700782F8B /* Other Frameworks */ = {
			isa = PBXGroup;
			children = (
				E59D152417D4CB3700782F8B /* AppKit.framework */,
				E59D152517D4CB3700782F8B /* CoreData.framework */,
				E59D152617D4CB3700782F8B /* Foundation.framework */,
			);
			name = "Other Frameworks";
			sourceTree = "<group>";
		};
		E59D152717D4CB3700782F8B /* SQLite Manager */ = {
			isa = PBXGroup;
			children = (
				E59D153317D4CB3700782F8B /* AppDelegate.h */,
				E59D153417D4CB3700782F8B /* AppDelegate.m */,
				E59D153617D4CB3700782F8B /* MainMenu.xib */,
				E59D152817D4CB3700782F8B /* Supporting Files */,
			);
			path = "SQLite Manager";
			sourceTree = "<group>";
		};
		E59D152817D4CB3700782F8B /* Supporting Files */ = {
			isa = PBXGroup;
			children = (
				E59D152917D4CB3700782F8B /* SQLite Manager-Info.plist */,
				E59D152A17D4CB3700782F8B /* InfoPlist.strings */,
				E59D152D17D4CB3700782F8B /* main.m */,
				E59D152F17D4CB3700782F8B /* SQLite Manager-Prefix.pch */,
				E59D153017D4CB3700782F8B /* Credits.rtf */,
			);
			name = "Supporting Files";
			sourceTree = "<group>";
		};
		E59D154417D4CB3700782F8B /* SQLite ManagerTests */ = {
			isa = PBXGroup;
			children = (
				E59D154A17D4CB3700782F8B /* SQLite_ManagerTests.h */,
				E59D154B17D4CB3700782F8B /* SQLite_ManagerTests.m */,
				E59D154517D4CB3700782F8B /* Supporting Files */,
			);
			path = "SQLite ManagerTests";
			sourceTree = "<group>";
		};
		E59D154517D4CB3700782F8B /* Supporting Files */ = {
			isa = PBXGroup;
			children = (
				E59D154617D4CB3700782F8B /* SQLite ManagerTests-Info.plist */,
				E59D154717D4CB3700782F8B /* InfoPlist.strings */,
			);
			name = "Supporting Files";
			sourceTree = "<group>";
		};
		E59D15D017D4CE3100782F8B /* sqlitebrowser */ = {
			isa = PBXGroup;
			children = (
				E59D15D117D4CE3100782F8B /* .moc */,
				E59D15D217D4CE3100782F8B /* .obj */,
				E59D15D317D4CE3100782F8B /* .ui */,
				E59D15D417D4CE3100782F8B /* aboutform.cpp */,
				E59D15D517D4CE3100782F8B /* aboutform.h */,
				E59D15D617D4CE3100782F8B /* addfieldform.cpp */,
				E59D15D717D4CE3100782F8B /* addfieldform.h */,
				E59D15D817D4CE3100782F8B /* addfieldtypeform.cpp */,
				E59D15D917D4CE3100782F8B /* addfieldtypeform.h */,
				E59D15DA17D4CE3100782F8B /* app.plist */,
				E59D15DB17D4CE3100782F8B /* browsermain.cpp */,
				E59D15DC17D4CE3100782F8B /* building */,
				E59D15DD17D4CE3100782F8B /* choosetableform.cpp */,
				E59D15DE17D4CE3100782F8B /* choosetableform.h */,
				E59D15DF17D4CE3100782F8B /* createindexform.cpp */,
				E59D15E017D4CE3100782F8B /* createindexform.h */,
				E59D15E117D4CE3100782F8B /* createtableform.cpp */,
				E59D15E217D4CE3100782F8B /* createtableform.h */,
				E59D15E317D4CE3100782F8B /* deleteindexform.cpp */,
				E59D15E417D4CE3100782F8B /* deleteindexform.h */,
				E59D15E517D4CE3100782F8B /* deletetableform.cpp */,
				E59D15E617D4CE3100782F8B /* deletetableform.h */,
				E59D15E717D4CE3100782F8B /* editfieldform.cpp */,
				E59D15E817D4CE3100782F8B /* editfieldform.h */,
				E59D15E917D4CE3100782F8B /* editform.cpp */,
				E59D15EA17D4CE3100782F8B /* editform.h */,
				E59D15EB17D4CE3100782F8B /* editformwindow.cpp */,
				E59D15EC17D4CE3100782F8B /* editformwindow.h */,
				E59D15ED17D4CE3100782F8B /* edittableform.cpp */,
				E59D15EE17D4CE3100782F8B /* edittableform.h */,
				E59D15EF17D4CE3100782F8B /* exporttablecsvform.cpp */,
				E59D15F017D4CE3100782F8B /* exporttablecsvform.h */,
				E59D15F117D4CE3100782F8B /* extendedmainform.cpp */,
				E59D15F217D4CE3100782F8B /* extendedmainform.h */,
				E59D15F317D4CE3100782F8B /* findform.cpp */,
				E59D15F417D4CE3100782F8B /* findform.h */,
				E59D15F517D4CE3100782F8B /* form1.cpp */,
				E59D15F617D4CE3100782F8B /* form1.h */,
				E59D15F717D4CE3100782F8B /* iconwin.ico */,
				E59D15F817D4CE3100782F8B /* images */,
				E59D160717D4CE3100782F8B /* importcsvform.cpp */,
				E59D160817D4CE3100782F8B /* importcsvform.h */,
				E59D160917D4CE3100782F8B /* LICENSING */,
				E59D160A17D4CE3100782F8B /* macapp.icns */,
				E59D160B17D4CE3100782F8B /* Makefile */,
				E59D160C17D4CE3100782F8B /* preferencesform.cpp */,
				E59D160D17D4CE3100782F8B /* preferencesform.h */,
				E59D160E17D4CE3100782F8B /* renametableform.cpp */,
				E59D160F17D4CE3100782F8B /* renametableform.h */,
				E59D161017D4CE3100782F8B /* sqlbrowser_util.c */,
				E59D161117D4CE3100782F8B /* sqlbrowser_util.h */,
				E59D161217D4CE3100782F8B /* sqlite_source */,
				E59D161617D4CE3100782F8B /* sqlitebrowser.pro */,
				E59D161717D4CE3100782F8B /* sqlitebrowsertypes.h */,
				E59D161817D4CE3100782F8B /* sqlitedb.cpp */,
				E59D161917D4CE3100782F8B /* sqlitedb.h */,
				E59D161A17D4CE3100782F8B /* sqllogform.cpp */,
				E59D161B17D4CE3100782F8B /* sqllogform.h */,
				E59D161C17D4CE3100782F8B /* winapp.rc */,
			);
			path = sqlitebrowser;
			sourceTree = "<group>";
		};
		E59D15D117D4CE3100782F8B /* .moc */ = {
			isa = PBXGroup;
			children = (
			);
			path = .moc;
			sourceTree = "<group>";
		};
		E59D15D217D4CE3100782F8B /* .obj */ = {
			isa = PBXGroup;
			children = (
			);
			path = .obj;
			sourceTree = "<group>";
		};
		E59D15D317D4CE3100782F8B /* .ui */ = {
			isa = PBXGroup;
			children = (
			);
			path = .ui;
			sourceTree = "<group>";
		};
		E59D15F817D4CE3100782F8B /* images */ = {
			isa = PBXGroup;
			children = (
				E59D15F917D4CE3100782F8B /* 128.png */,
				E59D15FA17D4CE3100782F8B /* create_index.png */,
				E59D15FB17D4CE3100782F8B /* create_table.png */,
				E59D15FC17D4CE3100782F8B /* delete_index.png */,
				E59D15FD17D4CE3100782F8B /* delete_table.png */,
				E59D15FE17D4CE3100782F8B /* icone16.png */,
				E59D15FF17D4CE3100782F8B /* log.png */,
				E59D160017D4CE3100782F8B /* modify_table.png */,
				E59D160117D4CE3100782F8B /* new.png */,
				E59D160217D4CE3100782F8B /* open.png */,
				E59D160317D4CE3100782F8B /* revert.png */,
				E59D160417D4CE3100782F8B /* save.png */,
				E59D160517D4CE3100782F8B /* searchfind.png */,
				E59D160617D4CE3100782F8B /* whatis.png */,
			);
			path = images;
			sourceTree = "<group>";
		};
		E59D161217D4CE3100782F8B /* sqlite_source */ = {
			isa = PBXGroup;
			children = (
				E59D161317D4CE3100782F8B /* sqlite3.c */,
				E59D161417D4CE3100782F8B /* sqlite3.h */,
				E59D161517D4CE3100782F8B /* sqlite3ext.h */,
			);
			path = sqlite_source;
			sourceTree = "<group>";
		};
/* End PBXGroup section */

/* Begin PBXNativeTarget section */
		E59D151D17D4CB3700782F8B /* SQLite Manager */ = {
			isa = PBXNativeTarget;
			buildConfigurationList = E59D154F17D4CB3700782F8B /* Build configuration list for PBXNativeTarget "SQLite Manager" */;
			buildPhases = (
				E59D151A17D4CB3700782F8B /* Sources */,
				E59D151B17D4CB3700782F8B /* Frameworks */,
				E59D151C17D4CB3700782F8B /* Resources */,
			);
			buildRules = (
			);
			dependencies = (
			);
			name = "SQLite Manager";
			productName = "SQLite Manager";
			productReference = E59D151E17D4CB3700782F8B /* SQLite Manager.app */;
			productType = "com.apple.product-type.application";
		};
		E59D153D17D4CB3700782F8B /* SQLite ManagerTests */ = {
			isa = PBXNativeTarget;
			buildConfigurationList = E59D155217D4CB3700782F8B /* Build configuration list for PBXNativeTarget "SQLite ManagerTests" */;
			buildPhases = (
				E59D153917D4CB3700782F8B /* Sources */,
				E59D153A17D4CB3700782F8B /* Frameworks */,
				E59D153B17D4CB3700782F8B /* Resources */,
				E59D153C17D4CB3700782F8B /* ShellScript */,
			);
			buildRules = (
			);
			dependencies = (
				E59D154317D4CB3700782F8B /* PBXTargetDependency */,
			);
			name = "SQLite ManagerTests";
			productName = "SQLite ManagerTests";
			productReference = E59D153E17D4CB3700782F8B /* SQLite ManagerTests.octest */;
			productType = "com.apple.product-type.bundle";
		};
/* End PBXNativeTarget section */

/* Begin PBXProject section */
		E59D151617D4CB3600782F8B /* Project object */ = {
			isa = PBXProject;
			attributes = {
				LastUpgradeCheck = 0460;
				ORGANIZATIONNAME = "li yipeng";
			};
			buildConfigurationList = E59D151917D4CB3600782F8B /* Build configuration list for PBXProject "SQLite Manager" */;
			compatibilityVersion = "Xcode 3.2";
			developmentRegion = English;
			hasScannedForEncodings = 0;
			knownRegions = (
				en,
			);
			mainGroup = E59D151517D4CB3600782F8B;
			productRefGroup = E59D151F17D4CB3700782F8B /* Products */;
			projectDirPath = "";
			projectRoot = "";
			targets = (
				E59D151D17D4CB3700782F8B /* SQLite Manager */,
				E59D153D17D4CB3700782F8B /* SQLite ManagerTests */,
			);
		};
/* End PBXProject section */

/* Begin PBXResourcesBuildPhase section */
		E59D151C17D4CB3700782F8B /* Resources */ = {
			isa = PBXResourcesBuildPhase;
			buildActionMask = 2147483647;
			files = (
				E59D152C17D4CB3700782F8B /* InfoPlist.strings in Resources */,
				E59D153217D4CB3700782F8B /* Credits.rtf in Resources */,
				E59D153817D4CB3700782F8B /* MainMenu.xib in Resources */,
				E59D162017D4CE3100782F8B /* app.plist in Resources */,
				E59D162217D4CE3100782F8B /* building in Resources */,
				E59D163017D4CE3100782F8B /* iconwin.ico in Resources */,
				E59D163117D4CE3100782F8B /* 128.png in Resources */,
				E59D163217D4CE3100782F8B /* create_index.png in Resources */,
				E59D163317D4CE3100782F8B /* create_table.png in Resources */,
				E59D163417D4CE3100782F8B /* delete_index.png in Resources */,
				E59D163517D4CE3100782F8B /* delete_table.png in Resources */,
				E59D163617D4CE3100782F8B /* icone16.png in Resources */,
				E59D163717D4CE3100782F8B /* log.png in Resources */,
				E59D163817D4CE3100782F8B /* modify_table.png in Resources */,
				E59D163917D4CE3100782F8B /* new.png in Resources */,
				E59D163A17D4CE3100782F8B /* open.png in Resources */,
				E59D163B17D4CE3100782F8B /* revert.png in Resources */,
				E59D163C17D4CE3100782F8B /* save.png in Resources */,
				E59D163D17D4CE3100782F8B /* searchfind.png in Resources */,
				E59D163E17D4CE3100782F8B /* whatis.png in Resources */,
				E59D164017D4CE3100782F8B /* LICENSING in Resources */,
				E59D164117D4CE3100782F8B /* macapp.icns in Resources */,
				E59D164717D4CE3100782F8B /* sqlitebrowser.pro in Resources */,
				E59D164A17D4CE3100782F8B /* winapp.rc in Resources */,
			);
			runOnlyForDeploymentPostprocessing = 0;
		};
		E59D153B17D4CB3700782F8B /* Resources */ = {
			isa = PBXResourcesBuildPhase;
			buildActionMask = 2147483647;
			files = (
				E59D154917D4CB3700782F8B /* InfoPlist.strings in Resources */,
			);
			runOnlyForDeploymentPostprocessing = 0;
		};
/* End PBXResourcesBuildPhase section */

/* Begin PBXShellScriptBuildPhase section */
		E59D153C17D4CB3700782F8B /* ShellScript */ = {
			isa = PBXShellScriptBuildPhase;
			buildActionMask = 2147483647;
			files = (
			);
			inputPaths = (
			);
			outputPaths = (
			);
			runOnlyForDeploymentPostprocessing = 0;
			shellPath = /bin/sh;
			shellScript = "# Run the unit tests in this test bundle.\n\"${SYSTEM_DEVELOPER_DIR}/Tools/RunUnitTests\"\n";
		};
/* End PBXShellScriptBuildPhase section */

/* Begin PBXSourcesBuildPhase section */
		E59D151A17D4CB3700782F8B /* Sources */ = {
			isa = PBXSourcesBuildPhase;
			buildActionMask = 2147483647;
			files = (
				E59D152E17D4CB3700782F8B /* main.m in Sources */,
				E59D153517D4CB3700782F8B /* AppDelegate.m in Sources */,
				E59D161D17D4CE3100782F8B /* aboutform.cpp in Sources */,
				E59D161E17D4CE3100782F8B /* addfieldform.cpp in Sources */,
				E59D161F17D4CE3100782F8B /* addfieldtypeform.cpp in Sources */,
				E59D162117D4CE3100782F8B /* browsermain.cpp in Sources */,
				E59D162317D4CE3100782F8B /* choosetableform.cpp in Sources */,
				E59D162417D4CE3100782F8B /* createindexform.cpp in Sources */,
				E59D162517D4CE3100782F8B /* createtableform.cpp in Sources */,
				E59D162617D4CE3100782F8B /* deleteindexform.cpp in Sources */,
				E59D162717D4CE3100782F8B /* deletetableform.cpp in Sources */,
				E59D162817D4CE3100782F8B /* editfieldform.cpp in Sources */,
				E59D162917D4CE3100782F8B /* editform.cpp in Sources */,
				E59D162A17D4CE3100782F8B /* editformwindow.cpp in Sources */,
				E59D162B17D4CE3100782F8B /* edittableform.cpp in Sources */,
				E59D162C17D4CE3100782F8B /* exporttablecsvform.cpp in Sources */,
				E59D162D17D4CE3100782F8B /* extendedmainform.cpp in Sources */,
				E59D162E17D4CE3100782F8B /* findform.cpp in Sources */,
				E59D162F17D4CE3100782F8B /* form1.cpp in Sources */,
				E59D163F17D4CE3100782F8B /* importcsvform.cpp in Sources */,
				E59D164217D4CE3100782F8B /* Makefile in Sources */,
				E59D164317D4CE3100782F8B /* preferencesform.cpp in Sources */,
				E59D164417D4CE3100782F8B /* renametableform.cpp in Sources */,
				E59D164517D4CE3100782F8B /* sqlbrowser_util.c in Sources */,
				E59D164617D4CE3100782F8B /* sqlite3.c in Sources */,
				E59D164817D4CE3100782F8B /* sqlitedb.cpp in Sources */,
				E59D164917D4CE3100782F8B /* sqllogform.cpp in Sources */,
			);
			runOnlyForDeploymentPostprocessing = 0;
		};
		E59D153917D4CB3700782F8B /* Sources */ = {
			isa = PBXSourcesBuildPhase;
			buildActionMask = 2147483647;
			files = (
				E59D154C17D4CB3700782F8B /* SQLite_ManagerTests.m in Sources */,
			);
			runOnlyForDeploymentPostprocessing = 0;
		};
/* End PBXSourcesBuildPhase section */

/* Begin PBXTargetDependency section */
		E59D154317D4CB3700782F8B /* PBXTargetDependency */ = {
			isa = PBXTargetDependency;
			target = E59D151D17D4CB3700782F8B /* SQLite Manager */;
			targetProxy = E59D154217D4CB3700782F8B /* PBXContainerItemProxy */;
		};
/* End PBXTargetDependency section */

/* Begin PBXVariantGroup section */
		E59D152A17D4CB3700782F8B /* InfoPlist.strings */ = {
			isa = PBXVariantGroup;
			children = (
				E59D152B17D4CB3700782F8B /* en */,
			);
			name = InfoPlist.strings;
			sourceTree = "<group>";
		};
		E59D153017D4CB3700782F8B /* Credits.rtf */ = {
			isa = PBXVariantGroup;
			children = (
				E59D153117D4CB3700782F8B /* en */,
			);
			name = Credits.rtf;
			sourceTree = "<group>";
		};
		E59D153617D4CB3700782F8B /* MainMenu.xib */ = {
			isa = PBXVariantGroup;
			children = (
				E59D153717D4CB3700782F8B /* en */,
			);
			name = MainMenu.xib;
			sourceTree = "<group>";
		};
		E59D154717D4CB3700782F8B /* InfoPlist.strings */ = {
			isa = PBXVariantGroup;
			children = (
				E59D154817D4CB3700782F8B /* en */,
			);
			name = InfoPlist.strings;
			sourceTree = "<group>";
		};
/* End PBXVariantGroup section */

/* Begin XCBuildConfiguration section */
		E59D154D17D4CB3700782F8B /* Debug */ = {
			isa = XCBuildConfiguration;
			buildSettings = {
				ALWAYS_SEARCH_USER_PATHS = NO;
				ARCHS = "$(ARCHS_STANDARD_64_BIT)";
				CLANG_CXX_LANGUAGE_STANDARD = "gnu++0x";
				CLANG_CXX_LIBRARY = "libc++";
				CLANG_ENABLE_OBJC_ARC = YES;
				CLANG_WARN_CONSTANT_CONVERSION = YES;
				CLANG_WARN_EMPTY_BODY = YES;
				CLANG_WARN_ENUM_CONVERSION = YES;
				CLANG_WARN_INT_CONVERSION = YES;
				CLANG_WARN__DUPLICATE_METHOD_MATCH = YES;
				COPY_PHASE_STRIP = NO;
				GCC_C_LANGUAGE_STANDARD = gnu99;
				GCC_DYNAMIC_NO_PIC = NO;
				GCC_ENABLE_OBJC_EXCEPTIONS = YES;
				GCC_OPTIMIZATION_LEVEL = 0;
				GCC_PREPROCESSOR_DEFINITIONS = (
					"DEBUG=1",
					"$(inherited)",
				);
				GCC_SYMBOLS_PRIVATE_EXTERN = NO;
				GCC_WARN_64_TO_32_BIT_CONVERSION = YES;
				GCC_WARN_ABOUT_RETURN_TYPE = YES;
				GCC_WARN_UNINITIALIZED_AUTOS = YES;
				GCC_WARN_UNUSED_VARIABLE = YES;
				MACOSX_DEPLOYMENT_TARGET = 10.8;
				ONLY_ACTIVE_ARCH = YES;
				SDKROOT = macosx;
			};
			name = Debug;
		};
		E59D154E17D4CB3700782F8B /* Release */ = {
			isa = XCBuildConfiguration;
			buildSettings = {
				ALWAYS_SEARCH_USER_PATHS = NO;
				ARCHS = "$(ARCHS_STANDARD_64_BIT)";
				CLANG_CXX_LANGUAGE_STANDARD = "gnu++0x";
				CLANG_CXX_LIBRARY = "libc++";
				CLANG_ENABLE_OBJC_ARC = YES;
				CLANG_WARN_CONSTANT_CONVERSION = YES;
				CLANG_WARN_EMPTY_BODY = YES;
				CLANG_WARN_ENUM_CONVERSION = YES;
				CLANG_WARN_INT_CONVERSION = YES;
				CLANG_WARN__DUPLICATE_METHOD_MATCH = YES;
				COPY_PHASE_STRIP = YES;
				DEBUG_INFORMATION_FORMAT = "dwarf-with-dsym";
				GCC_C_LANGUAGE_STANDARD = gnu99;
				GCC_ENABLE_OBJC_EXCEPTIONS = YES;
				GCC_WARN_64_TO_32_BIT_CONVERSION = YES;
				GCC_WARN_ABOUT_RETURN_TYPE = YES;
				GCC_WARN_UNINITIALIZED_AUTOS = YES;
				GCC_WARN_UNUSED_VARIABLE = YES;
				MACOSX_DEPLOYMENT_TARGET = 10.8;
				SDKROOT = macosx;
			};
			name = Release;
		};
		E59D155017D4CB3700782F8B /* Debug */ = {
			isa = XCBuildConfiguration;
			buildSettings = {
				COMBINE_HIDPI_IMAGES = YES;
				GCC_PRECOMPILE_PREFIX_HEADER = YES;
				GCC_PREFIX_HEADER = "SQLite Manager/SQLite Manager-Prefix.pch";
				INFOPLIST_FILE = "SQLite Manager/SQLite Manager-Info.plist";
				PRODUCT_NAME = "$(TARGET_NAME)";
				WRAPPER_EXTENSION = app;
			};
			name = Debug;
		};
		E59D155117D4CB3700782F8B /* Release */ = {
			isa = XCBuildConfiguration;
			buildSettings = {
				COMBINE_HIDPI_IMAGES = YES;
				GCC_PRECOMPILE_PREFIX_HEADER = YES;
				GCC_PREFIX_HEADER = "SQLite Manager/SQLite Manager-Prefix.pch";
				INFOPLIST_FILE = "SQLite Manager/SQLite Manager-Info.plist";
				PRODUCT_NAME = "$(TARGET_NAME)";
				WRAPPER_EXTENSION = app;
			};
			name = Release;
		};
		E59D155317D4CB3700782F8B /* Debug */ = {
			isa = XCBuildConfiguration;
			buildSettings = {
				BUNDLE_LOADER = "$(BUILT_PRODUCTS_DIR)/SQLite Manager.app/Contents/MacOS/SQLite Manager";
				COMBINE_HIDPI_IMAGES = YES;
				FRAMEWORK_SEARCH_PATHS = "\"$(DEVELOPER_LIBRARY_DIR)/Frameworks\"";
				GCC_PRECOMPILE_PREFIX_HEADER = YES;
				GCC_PREFIX_HEADER = "SQLite Manager/SQLite Manager-Prefix.pch";
				INFOPLIST_FILE = "SQLite ManagerTests/SQLite ManagerTests-Info.plist";
				PRODUCT_NAME = "$(TARGET_NAME)";
				TEST_HOST = "$(BUNDLE_LOADER)";
				WRAPPER_EXTENSION = octest;
			};
			name = Debug;
		};
		E59D155417D4CB3700782F8B /* Release */ = {
			isa = XCBuildConfiguration;
			buildSettings = {
				BUNDLE_LOADER = "$(BUILT_PRODUCTS_DIR)/SQLite Manager.app/Contents/MacOS/SQLite Manager";
				COMBINE_HIDPI_IMAGES = YES;
				FRAMEWORK_SEARCH_PATHS = "\"$(DEVELOPER_LIBRARY_DIR)/Frameworks\"";
				GCC_PRECOMPILE_PREFIX_HEADER = YES;
				GCC_PREFIX_HEADER = "SQLite Manager/SQLite Manager-Prefix.pch";
				INFOPLIST_FILE = "SQLite ManagerTests/SQLite ManagerTests-Info.plist";
				PRODUCT_NAME = "$(TARGET_NAME)";
				TEST_HOST = "$(BUNDLE_LOADER)";
				WRAPPER_EXTENSION = octest;
			};
			name = Release;
		};
/* End XCBuildConfiguration section */

/* Begin XCConfigurationList section */
		E59D151917D4CB3600782F8B /* Build configuration list for PBXProject "SQLite Manager" */ = {
			isa = XCConfigurationList;
			buildConfigurations = (
				E59D154D17D4CB3700782F8B /* Debug */,
				E59D154E17D4CB3700782F8B /* Release */,
			);
			defaultConfigurationIsVisible = 0;
			defaultConfigurationName = Release;
		};
		E59D154F17D4CB3700782F8B /* Build configuration list for PBXNativeTarget "SQLite Manager" */ = {
			isa = XCConfigurationList;
			buildConfigurations = (
				E59D155017D4CB3700782F8B /* Debug */,
				E59D155117D4CB3700782F8B /* Release */,
			);
			defaultConfigurationIsVisible = 0;
		};
		E59D155217D4CB3700782F8B /* Build configuration list for PBXNativeTarget "SQLite ManagerTests" */ = {
			isa = XCConfigurationList;
			buildConfigurations = (
				E59D155317D4CB3700782F8B /* Debug */,
				E59D155417D4CB3700782F8B /* Release */,
			);
			defaultConfigurationIsVisible = 0;
		};
/* End XCConfigurationList section */
	};
	rootObject = E59D151617D4CB3600782F8B /* Project object */;
}
